
Microsoft Visual Studio Solution File, Format Version 12.00
# Visual Studio Version 17
VisualStudioVersion = 17.3.32811.315
MinimumVisualStudioVersion = 10.0.40219.1
Project("{FAE04EC0-301F-11D3-BF4B-00C04F79EFBC}") = "SteamReviewGetter", "SteamReviewGetter.csproj", "{39FCC8F2-014F-4710-B6F6-58B3F8E78E57}"
EndProject
Global
	GlobalSection(SolutionConfigurationPlatforms) = preSolution
		Debug|Any CPU = Debug|Any CPU
		Release|Any CPU = Release|Any CPU
	EndGlobalSection
	GlobalSection(ProjectConfigurationPlatforms) = postSolution
		{39FCC8F2-014F-4710-B6F6-58B3F8E78E57}.Debug|Any CPU.ActiveCfg = Debug|Any CPU
		{39FCC8F2-014F-4710-B6F6-58B3F8E78E57}.Debug|Any CPU.Build.0 = Debug|Any CPU
		{39FCC8F2-014F-4710-B6F6-58B3F8E78E57}.Release|Any CPU.ActiveCfg = Release|Any CPU
		{39FCC8F2-014F-4710-B6F6-58B3F8E78E57}.Release|Any CPU.Build.0 = Release|Any CPU
	EndGlobalSection
	GlobalSection(SolutionProperties) = preSolution
		HideSolutionNode = FALSE
	EndGlobalSection
	GlobalSection(ExtensibilityGlobals) = postSolution
		SolutionGuid = {A35DE87F-7905-49FD-9F3A-DAEC13B8AB7A}
	EndGlobalSection
EndGlobal
